
Microsoft Visual Studio Solution File, Format Version 12.00
# Visual Studio Version 16
VisualStudioVersion = 16.0.30907.101
MinimumVisualStudioVersion = 10.0.40219.1
Project("{FAE04EC0-301F-11D3-BF4B-00C04F79EFBC}") = "CadAlunos", "CadAlunos\CadAlunos.csproj", "{F6C3A047-CC0B-49D1-8F08-6CF9B516C4CF}"
EndProject
Global
	GlobalSection(SolutionConfigurationPlatforms) = preSolution
		Debug|Any CPU = Debug|Any CPU
		Release|Any CPU = Release|Any CPU
	EndGlobalSection
	GlobalSection(ProjectConfigurationPlatforms) = postSolution
		{F6C3A047-CC0B-49D1-8F08-6CF9B516C4CF}.Debug|Any CPU.ActiveCfg = Debug|Any CPU
		{F6C3A047-CC0B-49D1-8F08-6CF9B516C4CF}.Debug|Any CPU.Build.0 = Debug|Any CPU
		{F6C3A047-CC0B-49D1-8F08-6CF9B516C4CF}.Release|Any CPU.ActiveCfg = Release|Any CPU
		{F6C3A047-CC0B-49D1-8F08-6CF9B516C4CF}.Release|Any CPU.Build.0 = Release|Any CPU
	EndGlobalSection
	GlobalSection(SolutionProperties) = preSolution
		HideSolutionNode = FALSE
	EndGlobalSection
	GlobalSection(ExtensibilityGlobals) = postSolution
		SolutionGuid = {DA73197C-3BE3-41E8-92A5-63A8FC4285C7}
	EndGlobalSection
EndGlobal
